
Microsoft Visual Studio Solution File, Format Version 12.00
# Visual Studio 15
VisualStudioVersion = 15.0.27428.1
MinimumVisualStudioVersion = 10.0.40219.1
Project("{FAE04EC0-301F-11D3-BF4B-00C04F79EFBC}") = "Bootstrap4", "Bootstrap4\Bootstrap4.csproj", "{48D09134-13D9-4343-8A2F-A63D49BCE6F5}"
EndProject
Global
	GlobalSection(SolutionConfigurationPlatforms) = preSolution
		Debug|Any CPU = Debug|Any CPU
		Release|Any CPU = Release|Any CPU
	EndGlobalSection
	GlobalSection(ProjectConfigurationPlatforms) = postSolution
		{48D09134-13D9-4343-8A2F-A63D49BCE6F5}.Debug|Any CPU.ActiveCfg = Debug|Any CPU
		{48D09134-13D9-4343-8A2F-A63D49BCE6F5}.Debug|Any CPU.Build.0 = Debug|Any CPU
		{48D09134-13D9-4343-8A2F-A63D49BCE6F5}.Release|Any CPU.ActiveCfg = Release|Any CPU
		{48D09134-13D9-4343-8A2F-A63D49BCE6F5}.Release|Any CPU.Build.0 = Release|Any CPU
	EndGlobalSection
	GlobalSection(SolutionProperties) = preSolution
		HideSolutionNode = FALSE
	EndGlobalSection
	GlobalSection(ExtensibilityGlobals) = postSolution
		SolutionGuid = {322B984B-2E31-4DB8-89FA-35B0910A121E}
	EndGlobalSection
EndGlobal
